
Microsoft Visual Studio Solution File, Format Version 12.00
# Visual Studio Version 17
VisualStudioVersion = 17.5.33530.505
MinimumVisualStudioVersion = 10.0.40219.1
Project("{9A19103F-16F7-4668-BE54-9A1E7A4F7556}") = "Oligopoly", "Oligopoly\Oligopoly.csproj", "{47B0EADF-B6C0-40F4-A034-9F559AEC7D18}"
EndProject
Global
	GlobalSection(SolutionConfigurationPlatforms) = preSolution
		Debug|Any CPU = Debug|Any CPU
		Release|Any CPU = Release|Any CPU
	EndGlobalSection
	GlobalSection(ProjectConfigurationPlatforms) = postSolution
		{47B0EADF-B6C0-40F4-A034-9F559AEC7D18}.Debug|Any CPU.ActiveCfg = Debug|Any CPU
		{47B0EADF-B6C0-40F4-A034-9F559AEC7D18}.Debug|Any CPU.Build.0 = Debug|Any CPU
		{47B0EADF-B6C0-40F4-A034-9F559AEC7D18}.Release|Any CPU.ActiveCfg = Debug|Any CPU
		{47B0EADF-B6C0-40F4-A034-9F559AEC7D18}.Release|Any CPU.Build.0 = Debug|Any CPU
	EndGlobalSection
	GlobalSection(SolutionProperties) = preSolution
		HideSolutionNode = FALSE
	EndGlobalSection
	GlobalSection(ExtensibilityGlobals) = postSolution
		SolutionGuid = {DE654BE1-60EF-4C2A-B4E7-783D35FCF7FC}
	EndGlobalSection
EndGlobal
