
Microsoft Visual Studio Solution File, Format Version 12.00
# Visual Studio Version 17
VisualStudioVersion = 17.5.33530.505
MinimumVisualStudioVersion = 10.0.40219.1
Project("{2150E333-8FDC-42A3-9474-1A3956D46DE8}") = "Source", "Source", "{E1685C41-EF1E-45FD-9FD5-1C3E769BCA35}"
EndProject
Project("{FAE04EC0-301F-11D3-BF4B-00C04F79EFBC}") = "Oligopoly.Game", "Source\Oligopoly.Game\Oligopoly.Game.csproj", "{61F60199-937A-4B87-B5B7-E70318482D95}"
EndProject
Global
	GlobalSection(SolutionConfigurationPlatforms) = preSolution
		Debug|Any CPU = Debug|Any CPU
		Release|Any CPU = Release|Any CPU
	EndGlobalSection
	GlobalSection(ProjectConfigurationPlatforms) = postSolution
		{61F60199-937A-4B87-B5B7-E70318482D95}.Debug|Any CPU.ActiveCfg = Debug|Any CPU
		{61F60199-937A-4B87-B5B7-E70318482D95}.Debug|Any CPU.Build.0 = Debug|Any CPU
		{61F60199-937A-4B87-B5B7-E70318482D95}.Release|Any CPU.ActiveCfg = Release|Any CPU
		{61F60199-937A-4B87-B5B7-E70318482D95}.Release|Any CPU.Build.0 = Release|Any CPU
	EndGlobalSection
	GlobalSection(SolutionProperties) = preSolution
		HideSolutionNode = FALSE
	EndGlobalSection
	GlobalSection(NestedProjects) = preSolution
		{61F60199-937A-4B87-B5B7-E70318482D95} = {E1685C41-EF1E-45FD-9FD5-1C3E769BCA35}
	EndGlobalSection
	GlobalSection(ExtensibilityGlobals) = postSolution
		SolutionGuid = {DE654BE1-60EF-4C2A-B4E7-783D35FCF7FC}
	EndGlobalSection
EndGlobal
